Microsoft Visual Studio Solution File, Format Version 12.00
# Visual Studio 15
VisualStudioVersion = 15.0.26730.12
MinimumVisualStudioVersion = 15.0.26124.0
Project("{9A19103F-16F7-4668-BE54-9A1E7A4F7556}") = "DependencyInjectorBenchmarks", "DependencyInjectorBenchmarks\DependencyInjectorBenchmarks.csproj", "{D839EABE-7D56-433D-B2AE-FCAC8AC6DDC0}"
EndProject
Project("{9A19103F-16F7-4668-BE54-9A1E7A4F7556}") = "DependencyInjectorBenchmarks.Tests", "DependencyInjectorBenchmarks.Tests\DependencyInjectorBenchmarks.Tests.csproj", "{F8318630-C34F-4562-8D25-642F3437C270}"
EndProject
Global
	GlobalSection(SolutionConfigurationPlatforms) = preSolution
		Debug|Any CPU = Debug|Any CPU
		Debug|x64 = Debug|x64
		Debug|x86 = Debug|x86
		Release|Any CPU = Release|Any CPU
		Release|x64 = Release|x64
		Release|x86 = Release|x86
	EndGlobalSection
	GlobalSection(ProjectConfigurationPlatforms) = postSolution
		{D839EABE-7D56-433D-B2AE-FCAC8AC6DDC0}.Debug|Any CPU.ActiveCfg = Debug|Any CPU
		{D839EABE-7D56-433D-B2AE-FCAC8AC6DDC0}.Debug|Any CPU.Build.0 = Debug|Any CPU
		{D839EABE-7D56-433D-B2AE-FCAC8AC6DDC0}.Debug|x64.ActiveCfg = Debug|Any CPU
		{D839EABE-7D56-433D-B2AE-FCAC8AC6DDC0}.Debug|x64.Build.0 = Debug|Any CPU
		{D839EABE-7D56-433D-B2AE-FCAC8AC6DDC0}.Debug|x86.ActiveCfg = Debug|Any CPU
		{D839EABE-7D56-433D-B2AE-FCAC8AC6DDC0}.Debug|x86.Build.0 = Debug|Any CPU
		{D839EABE-7D56-433D-B2AE-FCAC8AC6DDC0}.Release|Any CPU.ActiveCfg = Release|Any CPU
		{D839EABE-7D56-433D-B2AE-FCAC8AC6DDC0}.Release|Any CPU.Build.0 = Release|Any CPU
		{D839EABE-7D56-433D-B2AE-FCAC8AC6DDC0}.Release|x64.ActiveCfg = Release|Any CPU
		{D839EABE-7D56-433D-B2AE-FCAC8AC6DDC0}.Release|x64.Build.0 = Release|Any CPU
		{D839EABE-7D56-433D-B2AE-FCAC8AC6DDC0}.Release|x86.ActiveCfg = Release|Any CPU
		{D839EABE-7D56-433D-B2AE-FCAC8AC6DDC0}.Release|x86.Build.0 = Release|Any CPU
		{F8318630-C34F-4562-8D25-642F3437C270}.Debug|Any CPU.ActiveCfg = Debug|Any CPU
		{F8318630-C34F-4562-8D25-642F3437C270}.Debug|Any CPU.Build.0 = Debug|Any CPU
		{F8318630-C34F-4562-8D25-642F3437C270}.Debug|x64.ActiveCfg = Debug|Any CPU
		{F8318630-C34F-4562-8D25-642F3437C270}.Debug|x64.Build.0 = Debug|Any CPU
		{F8318630-C34F-4562-8D25-642F3437C270}.Debug|x86.ActiveCfg = Debug|Any CPU
		{F8318630-C34F-4562-8D25-642F3437C270}.Debug|x86.Build.0 = Debug|Any CPU
		{F8318630-C34F-4562-8D25-642F3437C270}.Release|Any CPU.ActiveCfg = Release|Any CPU
		{F8318630-C34F-4562-8D25-642F3437C270}.Release|Any CPU.Build.0 = Release|Any CPU
		{F8318630-C34F-4562-8D25-642F3437C270}.Release|x64.ActiveCfg = Release|Any CPU
		{F8318630-C34F-4562-8D25-642F3437C270}.Release|x64.Build.0 = Release|Any CPU
		{F8318630-C34F-4562-8D25-642F3437C270}.Release|x86.ActiveCfg = Release|Any CPU
		{F8318630-C34F-4562-8D25-642F3437C270}.Release|x86.Build.0 = Release|Any CPU
	EndGlobalSection
	GlobalSection(SolutionProperties) = preSolution
		HideSolutionNode = FALSE
	EndGlobalSection
	GlobalSection(ExtensibilityGlobals) = postSolution
		SolutionGuid = {696B8584-4D6E-44A6-894B-8B1118FC6323}
	EndGlobalSection
EndGlobal
